// !$*UTF8*$!
{
	archiveVersion = 1;
	classes = {
	};
	objectVersion = 56;
	objects = {

/* Begin PBXBuildFile section */
		EEA660FF2C04ABD4006D6DB7 /* MonitionDetector.swift in Sources */ = {isa = PBXBuildFile; fileRef = EEA660FE2C04ABD4006D6DB7 /* MonitionDetector.swift */; };
		EEA661012C04B771006D6DB7 /* DoubleExtension.swift in Sources */ = {isa = PBXBuildFile; fileRef = EEA661002C04B771006D6DB7 /* DoubleExtension.swift */; };
		EEA661032C04B7CC006D6DB7 /* GraphSeismometer.swift in Sources */ = {isa = PBXBuildFile; fileRef = EEA661022C04B7CC006D6DB7 /* GraphSeismometer.swift */; };
		EEA661052C04B871006D6DB7 /* NeedleSeismometer.swift in Sources */ = {isa = PBXBuildFile; fileRef = EEA661042C04B871006D6DB7 /* NeedleSeismometer.swift */; };
		EEA661072C04B8B5006D6DB7 /* LineGraph.swift in Sources */ = {isa = PBXBuildFile; fileRef = EEA661062C04B8B5006D6DB7 /* LineGraph.swift */; };
		EEA661092C04B8EF006D6DB7 /* GaugeBackground.swift in Sources */ = {isa = PBXBuildFile; fileRef = EEA661082C04B8EF006D6DB7 /* GaugeBackground.swift */; };
		EEEE64162C035E4100EF2F31 /* SeismometerApp.swift in Sources */ = {isa = PBXBuildFile; fileRef = EEEE64152C035E4100EF2F31 /* SeismometerApp.swift */; };
		EEEE64182C035E4100EF2F31 /* ContentView.swift in Sources */ = {isa = PBXBuildFile; fileRef = EEEE64172C035E4100EF2F31 /* ContentView.swift */; };
		EEEE641A2C035E4200EF2F31 /* Assets.xcassets in Resources */ = {isa = PBXBuildFile; fileRef = EEEE64192C035E4200EF2F31 /* Assets.xcassets */; };
		EEEE641D2C035E4200EF2F31 /* Preview Assets.xcassets in Resources */ = {isa = PBXBuildFile; fileRef = EEEE641C2C035E4200EF2F31 /* Preview Assets.xcassets */; };
/* End PBXBuildFile section */

/* Begin PBXFileReference section */
		EEA660FE2C04ABD4006D6DB7 /* MonitionDetector.swift */ = {isa = PBXFileReference; lastKnownFileType = sourcecode.swift; path = MonitionDetector.swift; sourceTree = "<group>"; };
		EEA661002C04B771006D6DB7 /* DoubleExtension.swift */ = {isa = PBXFileReference; lastKnownFileType = sourcecode.swift; path = DoubleExtension.swift; sourceTree = "<group>"; };
		EEA661022C04B7CC006D6DB7 /* GraphSeismometer.swift */ = {isa = PBXFileReference; lastKnownFileType = sourcecode.swift; path = GraphSeismometer.swift; sourceTree = "<group>"; };
		EEA661042C04B871006D6DB7 /* NeedleSeismometer.swift */ = {isa = PBXFileReference; lastKnownFileType = sourcecode.swift; path = NeedleSeismometer.swift; sourceTree = "<group>"; };
		EEA661062C04B8B5006D6DB7 /* LineGraph.swift */ = {isa = PBXFileReference; lastKnownFileType = sourcecode.swift; path = LineGraph.swift; sourceTree = "<group>"; };
		EEA661082C04B8EF006D6DB7 /* GaugeBackground.swift */ = {isa = PBXFileReference; lastKnownFileType = sourcecode.swift; path = GaugeBackground.swift; sourceTree = "<group>"; };
		EEEE64122C035E4100EF2F31 /* Seismometer.app */ = {isa = PBXFileReference; explicitFileType = wrapper.application; includeInIndex = 0; path = Seismometer.app; sourceTree = BUILT_PRODUCTS_DIR; };
		EEEE64152C035E4100EF2F31 /* SeismometerApp.swift */ = {isa = PBXFileReference; lastKnownFileType = sourcecode.swift; path = SeismometerApp.swift; sourceTree = "<group>"; };
		EEEE64172C035E4100EF2F31 /* ContentView.swift */ = {isa = PBXFileReference; lastKnownFileType = sourcecode.swift; path = ContentView.swift; sourceTree = "<group>"; };
		EEEE64192C035E4200EF2F31 /* Assets.xcassets */ = {isa = PBXFileReference; lastKnownFileType = folder.assetcatalog; path = Assets.xcassets; sourceTree = "<group>"; };
		EEEE641C2C035E4200EF2F31 /* Preview Assets.xcassets */ = {isa = PBXFileReference; lastKnownFileType = folder.assetcatalog; path = "Preview Assets.xcassets"; sourceTree = "<group>"; };
/* End PBXFileReference section */

/* Begin PBXFrameworksBuildPhase section */
		EEEE640F2C035E4100EF2F31 /* Frameworks */ = {
			isa = PBXFrameworksBuildPhase;
			buildActionMask = 2147483647;
			files = (
			);
			runOnlyForDeploymentPostprocessing = 0;
		};
/* End PBXFrameworksBuildPhase section */

/* Begin PBXGroup section */
		EEEE64092C035E4100EF2F31 = {
			isa = PBXGroup;
			children = (
				EEEE64142C035E4100EF2F31 /* Seismometer */,
				EEEE64132C035E4100EF2F31 /* Products */,
			);
			sourceTree = "<group>";
		};
		EEEE64132C035E4100EF2F31 /* Products */ = {
			isa = PBXGroup;
			children = (
				EEEE64122C035E4100EF2F31 /* Seismometer.app */,
			);
			name = Products;
			sourceTree = "<group>";
		};
		EEEE64142C035E4100EF2F31 /* Seismometer */ = {
			isa = PBXGroup;
			children = (
				EEEE64152C035E4100EF2F31 /* SeismometerApp.swift */,
				EEEE64172C035E4100EF2F31 /* ContentView.swift */,
				EEA660FE2C04ABD4006D6DB7 /* MonitionDetector.swift */,
				EEA661002C04B771006D6DB7 /* DoubleExtension.swift */,
				EEA661022C04B7CC006D6DB7 /* GraphSeismometer.swift */,
				EEA661042C04B871006D6DB7 /* NeedleSeismometer.swift */,
				EEA661062C04B8B5006D6DB7 /* LineGraph.swift */,
				EEA661082C04B8EF006D6DB7 /* GaugeBackground.swift */,
				EEEE64192C035E4200EF2F31 /* Assets.xcassets */,
				EEEE641B2C035E4200EF2F31 /* Preview Content */,
			);
			path = Seismometer;
			sourceTree = "<group>";
		};
		EEEE641B2C035E4200EF2F31 /* Preview Content */ = {
			isa = PBXGroup;
			children = (
				EEEE641C2C035E4200EF2F31 /* Preview Assets.xcassets */,
			);
			path = "Preview Content";
			sourceTree = "<group>";
		};
/* End PBXGroup section */

/* Begin PBXNativeTarget section */
		EEEE64112C035E4100EF2F31 /* Seismometer */ = {
			isa = PBXNativeTarget;
			buildConfigurationList = EEEE64202C035E4200EF2F31 /* Build configuration list for PBXNativeTarget "Seismometer" */;
			buildPhases = (
				EEEE640E2C035E4100EF2F31 /* Sources */,
				EEEE640F2C035E4100EF2F31 /* Frameworks */,
				EEEE64102C035E4100EF2F31 /* Resources */,
			);
			buildRules = (
			);
			dependencies = (
			);
			name = Seismometer;
			productName = Seismometer;
			productReference = EEEE64122C035E4100EF2F31 /* Seismometer.app */;
			productType = "com.apple.product-type.application";
		};
/* End PBXNativeTarget section */

/* Begin PBXProject section */
		EEEE640A2C035E4100EF2F31 /* Project object */ = {
			isa = PBXProject;
			attributes = {
				BuildIndependentTargetsInParallel = 1;
				LastSwiftUpdateCheck = 1540;
				LastUpgradeCheck = 1540;
				TargetAttributes = {
					EEEE64112C035E4100EF2F31 = {
						CreatedOnToolsVersion = 15.4;
					};
				};
			};
			buildConfigurationList = EEEE640D2C035E4100EF2F31 /* Build configuration list for PBXProject "Seismometer" */;
			compatibilityVersion = "Xcode 14.0";
			developmentRegion = en;
			hasScannedForEncodings = 0;
			knownRegions = (
				en,
				Base,
			);
			mainGroup = EEEE64092C035E4100EF2F31;
			productRefGroup = EEEE64132C035E4100EF2F31 /* Products */;
			projectDirPath = "";
			projectRoot = "";
			targets = (
				EEEE64112C035E4100EF2F31 /* Seismometer */,
			);
		};
/* End PBXProject section */

/* Begin PBXResourcesBuildPhase section */
		EEEE64102C035E4100EF2F31 /* Resources */ = {
			isa = PBXResourcesBuildPhase;
			buildActionMask = 2147483647;
			files = (
				EEEE641D2C035E4200EF2F31 /* Preview Assets.xcassets in Resources */,
				EEEE641A2C035E4200EF2F31 /* Assets.xcassets in Resources */,
			);
			runOnlyForDeploymentPostprocessing = 0;
		};
/* End PBXResourcesBuildPhase section */

/* Begin PBXSourcesBuildPhase section */
		EEEE640E2C035E4100EF2F31 /* Sources */ = {
			isa = PBXSourcesBuildPhase;
			buildActionMask = 2147483647;
			files = (
				EEA661052C04B871006D6DB7 /* NeedleSeismometer.swift in Sources */,
				EEA661092C04B8EF006D6DB7 /* GaugeBackground.swift in Sources */,
				EEA661072C04B8B5006D6DB7 /* LineGraph.swift in Sources */,
				EEA661032C04B7CC006D6DB7 /* GraphSeismometer.swift in Sources */,
				EEA661012C04B771006D6DB7 /* DoubleExtension.swift in Sources */,
				EEEE64182C035E4100EF2F31 /* ContentView.swift in Sources */,
				EEEE64162C035E4100EF2F31 /* SeismometerApp.swift in Sources */,
				EEA660FF2C04ABD4006D6DB7 /* MonitionDetector.swift in Sources */,
			);
			runOnlyForDeploymentPostprocessing = 0;
		};
/* End PBXSourcesBuildPhase section */

/* Begin XCBuildConfiguration section */
		EEEE641E2C035E4200EF2F31 /* Debug */ = {
			isa = XCBuildConfiguration;
			buildSettings = {
				ALWAYS_SEARCH_USER_PATHS = NO;
				ASSETCATALOG_COMPILER_GENERATE_SWIFT_ASSET_SYMBOL_EXTENSIONS = YES;
				CLANG_ANALYZER_NONNULL = YES;
				CLANG_ANALYZER_NUMBER_OBJECT_CONVERSION = YES_AGGRESSIVE;
				CLANG_CXX_LANGUAGE_STANDARD = "gnu++20";
				CLANG_ENABLE_MODULES = YES;
				CLANG_ENABLE_OBJC_ARC = YES;
				CLANG_ENABLE_OBJC_WEAK = YES;
				CLANG_WARN_BLOCK_CAPTURE_AUTORELEASING = YES;
				CLANG_WARN_BOOL_CONVERSION = YES;
				CLANG_WARN_COMMA = YES;
				CLANG_WARN_CONSTANT_CONVERSION = YES;
				CLANG_WARN_DEPRECATED_OBJC_IMPLEMENTATIONS = YES;
				CLANG_WARN_DIRECT_OBJC_ISA_USAGE = YES_ERROR;
				CLANG_WARN_DOCUMENTATION_COMMENTS = YES;
				CLANG_WARN_EMPTY_BODY = YES;
				CLANG_WARN_ENUM_CONVERSION = YES;
				CLANG_WARN_INFINITE_RECURSION = YES;
				CLANG_WARN_INT_CONVERSION = YES;
				CLANG_WARN_NON_LITERAL_NULL_CONVERSION = YES;
				CLANG_WARN_OBJC_IMPLICIT_RETAIN_SELF = YES;
				CLANG_WARN_OBJC_LITERAL_CONVERSION = YES;
				CLANG_WARN_OBJC_ROOT_CLASS = YES_ERROR;
				CLANG_WARN_QUOTED_INCLUDE_IN_FRAMEWORK_HEADER = YES;
				CLANG_WARN_RANGE_LOOP_ANALYSIS = YES;
				CLANG_WARN_STRICT_PROTOTYPES = YES;
				CLANG_WARN_SUSPICIOUS_MOVE = YES;
				CLANG_WARN_UNGUARDED_AVAILABILITY = YES_AGGRESSIVE;
				CLANG_WARN_UNREACHABLE_CODE = YES;
				CLANG_WARN__DUPLICATE_METHOD_MATCH = YES;
				COPY_PHASE_STRIP = NO;
				DEBUG_INFORMATION_FORMAT = dwarf;
				ENABLE_STRICT_OBJC_MSGSEND = YES;
				ENABLE_TESTABILITY = YES;
				ENABLE_USER_SCRIPT_SANDBOXING = YES;
				GCC_C_LANGUAGE_STANDARD = gnu17;
				GCC_DYNAMIC_NO_PIC = NO;
				GCC_NO_COMMON_BLOCKS = YES;
				GCC_OPTIMIZATION_LEVEL = 0;
				GCC_PREPROCESSOR_DEFINITIONS = (
					"DEBUG=1",
					"$(inherited)",
				);
				GCC_WARN_64_TO_32_BIT_CONVERSION = YES;
				GCC_WARN_ABOUT_RETURN_TYPE = YES_ERROR;
				GCC_WARN_UNDECLARED_SELECTOR = YES;
				GCC_WARN_UNINITIALIZED_AUTOS = YES_AGGRESSIVE;
				GCC_WARN_UNUSED_FUNCTION = YES;
				GCC_WARN_UNUSED_VARIABLE = YES;
				IPHONEOS_DEPLOYMENT_TARGET = 17.5;
				LOCALIZATION_PREFERS_STRING_CATALOGS = YES;
				MTL_ENABLE_DEBUG_INFO = INCLUDE_SOURCE;
				MTL_FAST_MATH = YES;
				ONLY_ACTIVE_ARCH = YES;
				SDKROOT = iphoneos;
				SWIFT_ACTIVE_COMPILATION_CONDITIONS = "DEBUG $(inherited)";
				SWIFT_OPTIMIZATION_LEVEL = "-Onone";
			};
			name = Debug;
		};
		EEEE641F2C035E4200EF2F31 /* Release */ = {
			isa = XCBuildConfiguration;
			buildSettings = {
				ALWAYS_SEARCH_USER_PATHS = NO;
				ASSETCATALOG_COMPILER_GENERATE_SWIFT_ASSET_SYMBOL_EXTENSIONS = YES;
				CLANG_ANALYZER_NONNULL = YES;
				CLANG_ANALYZER_NUMBER_OBJECT_CONVERSION = YES_AGGRESSIVE;
				CLANG_CXX_LANGUAGE_STANDARD = "gnu++20";
				CLANG_ENABLE_MODULES = YES;
				CLANG_ENABLE_OBJC_ARC = YES;
				CLANG_ENABLE_OBJC_WEAK = YES;
				CLANG_WARN_BLOCK_CAPTURE_AUTORELEASING = YES;
				CLANG_WARN_BOOL_CONVERSION = YES;
				CLANG_WARN_COMMA = YES;
				CLANG_WARN_CONSTANT_CONVERSION = YES;
				CLANG_WARN_DEPRECATED_OBJC_IMPLEMENTATIONS = YES;
				CLANG_WARN_DIRECT_OBJC_ISA_USAGE = YES_ERROR;
				CLANG_WARN_DOCUMENTATION_COMMENTS = YES;
				CLANG_WARN_EMPTY_BODY = YES;
				CLANG_WARN_ENUM_CONVERSION = YES;
				CLANG_WARN_INFINITE_RECURSION = YES;
				CLANG_WARN_INT_CONVERSION = YES;
				CLANG_WARN_NON_LITERAL_NULL_CONVERSION = YES;
				CLANG_WARN_OBJC_IMPLICIT_RETAIN_SELF = YES;
				CLANG_WARN_OBJC_LITERAL_CONVERSION = YES;
				CLANG_WARN_OBJC_ROOT_CLASS = YES_ERROR;
				CLANG_WARN_QUOTED_INCLUDE_IN_FRAMEWORK_HEADER = YES;
				CLANG_WARN_RANGE_LOOP_ANALYSIS = YES;
				CLANG_WARN_STRICT_PROTOTYPES = YES;
				CLANG_WARN_SUSPICIOUS_MOVE = YES;
				CLANG_WARN_UNGUARDED_AVAILABILITY = YES_AGGRESSIVE;
				CLANG_WARN_UNREACHABLE_CODE = YES;
				CLANG_WARN__DUPLICATE_METHOD_MATCH = YES;
				COPY_PHASE_STRIP = NO;
				DEBUG_INFORMATION_FORMAT = "dwarf-with-dsym";
				ENABLE_NS_ASSERTIONS = NO;
				ENABLE_STRICT_OBJC_MSGSEND = YES;
				ENABLE_USER_SCRIPT_SANDBOXING = YES;
				GCC_C_LANGUAGE_STANDARD = gnu17;
				GCC_NO_COMMON_BLOCKS = YES;
				GCC_WARN_64_TO_32_BIT_CONVERSION = YES;
				GCC_WARN_ABOUT_RETURN_TYPE = YES_ERROR;
				GCC_WARN_UNDECLARED_SELECTOR = YES;
				GCC_WARN_UNINITIALIZED_AUTOS = YES_AGGRESSIVE;
				GCC_WARN_UNUSED_FUNCTION = YES;
				GCC_WARN_UNUSED_VARIABLE = YES;
				IPHONEOS_DEPLOYMENT_TARGET = 17.5;
				LOCALIZATION_PREFERS_STRING_CATALOGS = YES;
				MTL_ENABLE_DEBUG_INFO = NO;
				MTL_FAST_MATH = YES;
				SDKROOT = iphoneos;
				SWIFT_COMPILATION_MODE = wholemodule;
				VALIDATE_PRODUCT = YES;
			};
			name = Release;
		};
		EEEE64212C035E4200EF2F31 /* Debug */ = {
			isa = XCBuildConfiguration;
			buildSettings = {
				ASSETCATALOG_COMPILER_APPICON_NAME = AppIcon;
				ASSETCATALOG_COMPILER_GLOBAL_ACCENT_COLOR_NAME = AccentColor;
				CODE_SIGN_STYLE = Automatic;
				CURRENT_PROJECT_VERSION = 1;
				DEVELOPMENT_ASSET_PATHS = "\"Seismometer/Preview Content\"";
				ENABLE_PREVIEWS = YES;
				GENERATE_INFOPLIST_FILE = YES;
				INFOPLIST_KEY_UIApplicationSceneManifest_Generation = YES;
				INFOPLIST_KEY_UIApplicationSupportsIndirectInputEvents = YES;
				INFOPLIST_KEY_UILaunchScreen_Generation = YES;
				INFOPLIST_KEY_UISupportedInterfaceOrientations_iPad = "UIInterfaceOrientationPortrait UIInterfaceOrientationPortraitUpsideDown UIInterfaceOrientationLandscapeLeft UIInterfaceOrientationLandscapeRight";
				INFOPLIST_KEY_UISupportedInterfaceOrientations_iPhone = "UIInterfaceOrientationPortrait UIInterfaceOrientationLandscapeLeft UIInterfaceOrientationLandscapeRight";
				LD_RUNPATH_SEARCH_PATHS = (
					"$(inherited)",
					"@executable_path/Frameworks",
				);
				MARKETING_VERSION = 1.0;
				PRODUCT_BUNDLE_IDENTIFIER = "com.example.apple-samplecode.Seismometer";
				PRODUCT_NAME = "$(TARGET_NAME)";
				SWIFT_EMIT_LOC_STRINGS = YES;
				SWIFT_VERSION = 5.0;
				TARGETED_DEVICE_FAMILY = "1,2";
			};
			name = Debug;
		};
		EEEE64222C035E4200EF2F31 /* Release */ = {
			isa = XCBuildConfiguration;
			buildSettings = {
				ASSETCATALOG_COMPILER_APPICON_NAME = AppIcon;
				ASSETCATALOG_COMPILER_GLOBAL_ACCENT_COLOR_NAME = AccentColor;
				CODE_SIGN_STYLE = Automatic;
				CURRENT_PROJECT_VERSION = 1;
				DEVELOPMENT_ASSET_PATHS = "\"Seismometer/Preview Content\"";
				ENABLE_PREVIEWS = YES;
				GENERATE_INFOPLIST_FILE = YES;
				INFOPLIST_KEY_UIApplicationSceneManifest_Generation = YES;
				INFOPLIST_KEY_UIApplicationSupportsIndirectInputEvents = YES;
				INFOPLIST_KEY_UILaunchScreen_Generation = YES;
				INFOPLIST_KEY_UISupportedInterfaceOrientations_iPad = "UIInterfaceOrientationPortrait UIInterfaceOrientationPortraitUpsideDown UIInterfaceOrientationLandscapeLeft UIInterfaceOrientationLandscapeRight";
				INFOPLIST_KEY_UISupportedInterfaceOrientations_iPhone = "UIInterfaceOrientationPortrait UIInterfaceOrientationLandscapeLeft UIInterfaceOrientationLandscapeRight";
				LD_RUNPATH_SEARCH_PATHS = (
					"$(inherited)",
					"@executable_path/Frameworks",
				);
				MARKETING_VERSION = 1.0;
				PRODUCT_BUNDLE_IDENTIFIER = "com.example.apple-samplecode.Seismometer";
				PRODUCT_NAME = "$(TARGET_NAME)";
				SWIFT_EMIT_LOC_STRINGS = YES;
				SWIFT_VERSION = 5.0;
				TARGETED_DEVICE_FAMILY = "1,2";
			};
			name = Release;
		};
/* End XCBuildConfiguration section */

/* Begin XCConfigurationList section */
		EEEE640D2C035E4100EF2F31 /* Build configuration list for PBXProject "Seismometer" */ = {
			isa = XCConfigurationList;
			buildConfigurations = (
				EEEE641E2C035E4200EF2F31 /* Debug */,
				EEEE641F2C035E4200EF2F31 /* Release */,
			);
			defaultConfigurationIsVisible = 0;
			defaultConfigurationName = Release;
		};
		EEEE64202C035E4200EF2F31 /* Build configuration list for PBXNativeTarget "Seismometer" */ = {
			isa = XCConfigurationList;
			buildConfigurations = (
				EEEE64212C035E4200EF2F31 /* Debug */,
				EEEE64222C035E4200EF2F31 /* Release */,
			);
			defaultConfigurationIsVisible = 0;
			defaultConfigurationName = Release;
		};
/* End XCConfigurationList section */
	};
	rootObject = EEEE640A2C035E4100EF2F31 /* Project object */;
}
