// !$*UTF8*$!
{
	archiveVersion = 1;
	classes = {
	};
	objectVersion = 56;
	objects = {

/* Begin PBXBuildFile section */
		EEA661172C04BA10006D6DB7 /* RecognizingGesturesApp.swift in Sources */ = {isa = PBXBuildFile; fileRef = EEA661162C04BA10006D6DB7 /* RecognizingGesturesApp.swift */; };
		EEA661192C04BA10006D6DB7 /* ContentView.swift in Sources */ = {isa = PBXBuildFile; fileRef = EEA661182C04BA10006D6DB7 /* ContentView.swift */; };
		EEA6611B2C04BA12006D6DB7 /* Assets.xcassets in Resources */ = {isa = PBXBuildFile; fileRef = EEA6611A2C04BA12006D6DB7 /* Assets.xcassets */; };
		EEA6611E2C04BA12006D6DB7 /* Preview Assets.xcassets in Resources */ = {isa = PBXBuildFile; fileRef = EEA6611D2C04BA12006D6DB7 /* Preview Assets.xcassets */; };
		EEA661252C04C001006D6DB7 /* DragView.swift in Sources */ = {isa = PBXBuildFile; fileRef = EEA661242C04C001006D6DB7 /* DragView.swift */; };
		EEA661272C04C019006D6DB7 /* GestureRow.swift in Sources */ = {isa = PBXBuildFile; fileRef = EEA661262C04C019006D6DB7 /* GestureRow.swift */; };
		EEA661292C04C035006D6DB7 /* LongPressView.swift in Sources */ = {isa = PBXBuildFile; fileRef = EEA661282C04C035006D6DB7 /* LongPressView.swift */; };
		EEA6612B2C04C050006D6DB7 /* RotateView.swift in Sources */ = {isa = PBXBuildFile; fileRef = EEA6612A2C04C050006D6DB7 /* RotateView.swift */; };
		EEA6612D2C04C065006D6DB7 /* SingleLine.swift in Sources */ = {isa = PBXBuildFile; fileRef = EEA6612C2C04C065006D6DB7 /* SingleLine.swift */; };
		EEA6612F2C04C07B006D6DB7 /* TapView.swift in Sources */ = {isa = PBXBuildFile; fileRef = EEA6612E2C04C07B006D6DB7 /* TapView.swift */; };
/* End PBXBuildFile section */

/* Begin PBXFileReference section */
		EEA661132C04BA10006D6DB7 /* RecognizingGestures.app */ = {isa = PBXFileReference; explicitFileType = wrapper.application; includeInIndex = 0; path = RecognizingGestures.app; sourceTree = BUILT_PRODUCTS_DIR; };
		EEA661162C04BA10006D6DB7 /* RecognizingGesturesApp.swift */ = {isa = PBXFileReference; lastKnownFileType = sourcecode.swift; path = RecognizingGesturesApp.swift; sourceTree = "<group>"; };
		EEA661182C04BA10006D6DB7 /* ContentView.swift */ = {isa = PBXFileReference; lastKnownFileType = sourcecode.swift; path = ContentView.swift; sourceTree = "<group>"; };
		EEA6611A2C04BA12006D6DB7 /* Assets.xcassets */ = {isa = PBXFileReference; lastKnownFileType = folder.assetcatalog; path = Assets.xcassets; sourceTree = "<group>"; };
		EEA6611D2C04BA12006D6DB7 /* Preview Assets.xcassets */ = {isa = PBXFileReference; lastKnownFileType = folder.assetcatalog; path = "Preview Assets.xcassets"; sourceTree = "<group>"; };
		EEA661242C04C001006D6DB7 /* DragView.swift */ = {isa = PBXFileReference; lastKnownFileType = sourcecode.swift; path = DragView.swift; sourceTree = "<group>"; };
		EEA661262C04C019006D6DB7 /* GestureRow.swift */ = {isa = PBXFileReference; lastKnownFileType = sourcecode.swift; path = GestureRow.swift; sourceTree = "<group>"; };
		EEA661282C04C035006D6DB7 /* LongPressView.swift */ = {isa = PBXFileReference; lastKnownFileType = sourcecode.swift; path = LongPressView.swift; sourceTree = "<group>"; };
		EEA6612A2C04C050006D6DB7 /* RotateView.swift */ = {isa = PBXFileReference; lastKnownFileType = sourcecode.swift; path = RotateView.swift; sourceTree = "<group>"; };
		EEA6612C2C04C065006D6DB7 /* SingleLine.swift */ = {isa = PBXFileReference; lastKnownFileType = sourcecode.swift; path = SingleLine.swift; sourceTree = "<group>"; };
		EEA6612E2C04C07B006D6DB7 /* TapView.swift */ = {isa = PBXFileReference; lastKnownFileType = sourcecode.swift; path = TapView.swift; sourceTree = "<group>"; };
/* End PBXFileReference section */

/* Begin PBXFrameworksBuildPhase section */
		EEA661102C04BA10006D6DB7 /* Frameworks */ = {
			isa = PBXFrameworksBuildPhase;
			buildActionMask = 2147483647;
			files = (
			);
			runOnlyForDeploymentPostprocessing = 0;
		};
/* End PBXFrameworksBuildPhase section */

/* Begin PBXGroup section */
		EEA6610A2C04BA10006D6DB7 = {
			isa = PBXGroup;
			children = (
				EEA661152C04BA10006D6DB7 /* RecognizingGestures */,
				EEA661142C04BA10006D6DB7 /* Products */,
			);
			sourceTree = "<group>";
		};
		EEA661142C04BA10006D6DB7 /* Products */ = {
			isa = PBXGroup;
			children = (
				EEA661132C04BA10006D6DB7 /* RecognizingGestures.app */,
			);
			name = Products;
			sourceTree = "<group>";
		};
		EEA661152C04BA10006D6DB7 /* RecognizingGestures */ = {
			isa = PBXGroup;
			children = (
				EEA661162C04BA10006D6DB7 /* RecognizingGesturesApp.swift */,
				EEA661182C04BA10006D6DB7 /* ContentView.swift */,
				EEA661242C04C001006D6DB7 /* DragView.swift */,
				EEA661262C04C019006D6DB7 /* GestureRow.swift */,
				EEA661282C04C035006D6DB7 /* LongPressView.swift */,
				EEA6612A2C04C050006D6DB7 /* RotateView.swift */,
				EEA6612C2C04C065006D6DB7 /* SingleLine.swift */,
				EEA6612E2C04C07B006D6DB7 /* TapView.swift */,
				EEA6611A2C04BA12006D6DB7 /* Assets.xcassets */,
				EEA6611C2C04BA12006D6DB7 /* Preview Content */,
			);
			path = RecognizingGestures;
			sourceTree = "<group>";
		};
		EEA6611C2C04BA12006D6DB7 /* Preview Content */ = {
			isa = PBXGroup;
			children = (
				EEA6611D2C04BA12006D6DB7 /* Preview Assets.xcassets */,
			);
			path = "Preview Content";
			sourceTree = "<group>";
		};
/* End PBXGroup section */

/* Begin PBXNativeTarget section */
		EEA661122C04BA10006D6DB7 /* RecognizingGestures */ = {
			isa = PBXNativeTarget;
			buildConfigurationList = EEA661212C04BA12006D6DB7 /* Build configuration list for PBXNativeTarget "RecognizingGestures" */;
			buildPhases = (
				EEA6610F2C04BA10006D6DB7 /* Sources */,
				EEA661102C04BA10006D6DB7 /* Frameworks */,
				EEA661112C04BA10006D6DB7 /* Resources */,
			);
			buildRules = (
			);
			dependencies = (
			);
			name = RecognizingGestures;
			productName = RecognizingGestures;
			productReference = EEA661132C04BA10006D6DB7 /* RecognizingGestures.app */;
			productType = "com.apple.product-type.application";
		};
/* End PBXNativeTarget section */

/* Begin PBXProject section */
		EEA6610B2C04BA10006D6DB7 /* Project object */ = {
			isa = PBXProject;
			attributes = {
				BuildIndependentTargetsInParallel = 1;
				LastSwiftUpdateCheck = 1540;
				LastUpgradeCheck = 1540;
				TargetAttributes = {
					EEA661122C04BA10006D6DB7 = {
						CreatedOnToolsVersion = 15.4;
					};
				};
			};
			buildConfigurationList = EEA6610E2C04BA10006D6DB7 /* Build configuration list for PBXProject "RecognizingGestures" */;
			compatibilityVersion = "Xcode 14.0";
			developmentRegion = en;
			hasScannedForEncodings = 0;
			knownRegions = (
				en,
				Base,
			);
			mainGroup = EEA6610A2C04BA10006D6DB7;
			productRefGroup = EEA661142C04BA10006D6DB7 /* Products */;
			projectDirPath = "";
			projectRoot = "";
			targets = (
				EEA661122C04BA10006D6DB7 /* RecognizingGestures */,
			);
		};
/* End PBXProject section */

/* Begin PBXResourcesBuildPhase section */
		EEA661112C04BA10006D6DB7 /* Resources */ = {
			isa = PBXResourcesBuildPhase;
			buildActionMask = 2147483647;
			files = (
				EEA6611E2C04BA12006D6DB7 /* Preview Assets.xcassets in Resources */,
				EEA6611B2C04BA12006D6DB7 /* Assets.xcassets in Resources */,
			);
			runOnlyForDeploymentPostprocessing = 0;
		};
/* End PBXResourcesBuildPhase section */

/* Begin PBXSourcesBuildPhase section */
		EEA6610F2C04BA10006D6DB7 /* Sources */ = {
			isa = PBXSourcesBuildPhase;
			buildActionMask = 2147483647;
			files = (
				EEA6612F2C04C07B006D6DB7 /* TapView.swift in Sources */,
				EEA661292C04C035006D6DB7 /* LongPressView.swift in Sources */,
				EEA661192C04BA10006D6DB7 /* ContentView.swift in Sources */,
				EEA6612D2C04C065006D6DB7 /* SingleLine.swift in Sources */,
				EEA661172C04BA10006D6DB7 /* RecognizingGesturesApp.swift in Sources */,
				EEA6612B2C04C050006D6DB7 /* RotateView.swift in Sources */,
				EEA661272C04C019006D6DB7 /* GestureRow.swift in Sources */,
				EEA661252C04C001006D6DB7 /* DragView.swift in Sources */,
			);
			runOnlyForDeploymentPostprocessing = 0;
		};
/* End PBXSourcesBuildPhase section */

/* Begin XCBuildConfiguration section */
		EEA6611F2C04BA12006D6DB7 /* Debug */ = {
			isa = XCBuildConfiguration;
			buildSettings = {
				ALWAYS_SEARCH_USER_PATHS = NO;
				ASSETCATALOG_COMPILER_GENERATE_SWIFT_ASSET_SYMBOL_EXTENSIONS = YES;
				CLANG_ANALYZER_NONNULL = YES;
				CLANG_ANALYZER_NUMBER_OBJECT_CONVERSION = YES_AGGRESSIVE;
				CLANG_CXX_LANGUAGE_STANDARD = "gnu++20";
				CLANG_ENABLE_MODULES = YES;
				CLANG_ENABLE_OBJC_ARC = YES;
				CLANG_ENABLE_OBJC_WEAK = YES;
				CLANG_WARN_BLOCK_CAPTURE_AUTORELEASING = YES;
				CLANG_WARN_BOOL_CONVERSION = YES;
				CLANG_WARN_COMMA = YES;
				CLANG_WARN_CONSTANT_CONVERSION = YES;
				CLANG_WARN_DEPRECATED_OBJC_IMPLEMENTATIONS = YES;
				CLANG_WARN_DIRECT_OBJC_ISA_USAGE = YES_ERROR;
				CLANG_WARN_DOCUMENTATION_COMMENTS = YES;
				CLANG_WARN_EMPTY_BODY = YES;
				CLANG_WARN_ENUM_CONVERSION = YES;
				CLANG_WARN_INFINITE_RECURSION = YES;
				CLANG_WARN_INT_CONVERSION = YES;
				CLANG_WARN_NON_LITERAL_NULL_CONVERSION = YES;
				CLANG_WARN_OBJC_IMPLICIT_RETAIN_SELF = YES;
				CLANG_WARN_OBJC_LITERAL_CONVERSION = YES;
				CLANG_WARN_OBJC_ROOT_CLASS = YES_ERROR;
				CLANG_WARN_QUOTED_INCLUDE_IN_FRAMEWORK_HEADER = YES;
				CLANG_WARN_RANGE_LOOP_ANALYSIS = YES;
				CLANG_WARN_STRICT_PROTOTYPES = YES;
				CLANG_WARN_SUSPICIOUS_MOVE = YES;
				CLANG_WARN_UNGUARDED_AVAILABILITY = YES_AGGRESSIVE;
				CLANG_WARN_UNREACHABLE_CODE = YES;
				CLANG_WARN__DUPLICATE_METHOD_MATCH = YES;
				COPY_PHASE_STRIP = NO;
				DEBUG_INFORMATION_FORMAT = dwarf;
				ENABLE_STRICT_OBJC_MSGSEND = YES;
				ENABLE_TESTABILITY = YES;
				ENABLE_USER_SCRIPT_SANDBOXING = YES;
				GCC_C_LANGUAGE_STANDARD = gnu17;
				GCC_DYNAMIC_NO_PIC = NO;
				GCC_NO_COMMON_BLOCKS = YES;
				GCC_OPTIMIZATION_LEVEL = 0;
				GCC_PREPROCESSOR_DEFINITIONS = (
					"DEBUG=1",
					"$(inherited)",
				);
				GCC_WARN_64_TO_32_BIT_CONVERSION = YES;
				GCC_WARN_ABOUT_RETURN_TYPE = YES_ERROR;
				GCC_WARN_UNDECLARED_SELECTOR = YES;
				GCC_WARN_UNINITIALIZED_AUTOS = YES_AGGRESSIVE;
				GCC_WARN_UNUSED_FUNCTION = YES;
				GCC_WARN_UNUSED_VARIABLE = YES;
				IPHONEOS_DEPLOYMENT_TARGET = 17.5;
				LOCALIZATION_PREFERS_STRING_CATALOGS = YES;
				MTL_ENABLE_DEBUG_INFO = INCLUDE_SOURCE;
				MTL_FAST_MATH = YES;
				ONLY_ACTIVE_ARCH = YES;
				SDKROOT = iphoneos;
				SWIFT_ACTIVE_COMPILATION_CONDITIONS = "DEBUG $(inherited)";
				SWIFT_OPTIMIZATION_LEVEL = "-Onone";
			};
			name = Debug;
		};
		EEA661202C04BA12006D6DB7 /* Release */ = {
			isa = XCBuildConfiguration;
			buildSettings = {
				ALWAYS_SEARCH_USER_PATHS = NO;
				ASSETCATALOG_COMPILER_GENERATE_SWIFT_ASSET_SYMBOL_EXTENSIONS = YES;
				CLANG_ANALYZER_NONNULL = YES;
				CLANG_ANALYZER_NUMBER_OBJECT_CONVERSION = YES_AGGRESSIVE;
				CLANG_CXX_LANGUAGE_STANDARD = "gnu++20";
				CLANG_ENABLE_MODULES = YES;
				CLANG_ENABLE_OBJC_ARC = YES;
				CLANG_ENABLE_OBJC_WEAK = YES;
				CLANG_WARN_BLOCK_CAPTURE_AUTORELEASING = YES;
				CLANG_WARN_BOOL_CONVERSION = YES;
				CLANG_WARN_COMMA = YES;
				CLANG_WARN_CONSTANT_CONVERSION = YES;
				CLANG_WARN_DEPRECATED_OBJC_IMPLEMENTATIONS = YES;
				CLANG_WARN_DIRECT_OBJC_ISA_USAGE = YES_ERROR;
				CLANG_WARN_DOCUMENTATION_COMMENTS = YES;
				CLANG_WARN_EMPTY_BODY = YES;
				CLANG_WARN_ENUM_CONVERSION = YES;
				CLANG_WARN_INFINITE_RECURSION = YES;
				CLANG_WARN_INT_CONVERSION = YES;
				CLANG_WARN_NON_LITERAL_NULL_CONVERSION = YES;
				CLANG_WARN_OBJC_IMPLICIT_RETAIN_SELF = YES;
				CLANG_WARN_OBJC_LITERAL_CONVERSION = YES;
				CLANG_WARN_OBJC_ROOT_CLASS = YES_ERROR;
				CLANG_WARN_QUOTED_INCLUDE_IN_FRAMEWORK_HEADER = YES;
				CLANG_WARN_RANGE_LOOP_ANALYSIS = YES;
				CLANG_WARN_STRICT_PROTOTYPES = YES;
				CLANG_WARN_SUSPICIOUS_MOVE = YES;
				CLANG_WARN_UNGUARDED_AVAILABILITY = YES_AGGRESSIVE;
				CLANG_WARN_UNREACHABLE_CODE = YES;
				CLANG_WARN__DUPLICATE_METHOD_MATCH = YES;
				COPY_PHASE_STRIP = NO;
				DEBUG_INFORMATION_FORMAT = "dwarf-with-dsym";
				ENABLE_NS_ASSERTIONS = NO;
				ENABLE_STRICT_OBJC_MSGSEND = YES;
				ENABLE_USER_SCRIPT_SANDBOXING = YES;
				GCC_C_LANGUAGE_STANDARD = gnu17;
				GCC_NO_COMMON_BLOCKS = YES;
				GCC_WARN_64_TO_32_BIT_CONVERSION = YES;
				GCC_WARN_ABOUT_RETURN_TYPE = YES_ERROR;
				GCC_WARN_UNDECLARED_SELECTOR = YES;
				GCC_WARN_UNINITIALIZED_AUTOS = YES_AGGRESSIVE;
				GCC_WARN_UNUSED_FUNCTION = YES;
				GCC_WARN_UNUSED_VARIABLE = YES;
				IPHONEOS_DEPLOYMENT_TARGET = 17.5;
				LOCALIZATION_PREFERS_STRING_CATALOGS = YES;
				MTL_ENABLE_DEBUG_INFO = NO;
				MTL_FAST_MATH = YES;
				SDKROOT = iphoneos;
				SWIFT_COMPILATION_MODE = wholemodule;
				VALIDATE_PRODUCT = YES;
			};
			name = Release;
		};
		EEA661222C04BA12006D6DB7 /* Debug */ = {
			isa = XCBuildConfiguration;
			buildSettings = {
				ASSETCATALOG_COMPILER_APPICON_NAME = AppIcon;
				ASSETCATALOG_COMPILER_GLOBAL_ACCENT_COLOR_NAME = AccentColor;
				CODE_SIGN_STYLE = Automatic;
				CURRENT_PROJECT_VERSION = 1;
				DEVELOPMENT_ASSET_PATHS = "\"RecognizingGestures/Preview Content\"";
				ENABLE_PREVIEWS = YES;
				GENERATE_INFOPLIST_FILE = YES;
				INFOPLIST_KEY_UIApplicationSceneManifest_Generation = YES;
				INFOPLIST_KEY_UIApplicationSupportsIndirectInputEvents = YES;
				INFOPLIST_KEY_UILaunchScreen_Generation = YES;
				INFOPLIST_KEY_UISupportedInterfaceOrientations_iPad = "UIInterfaceOrientationPortrait UIInterfaceOrientationPortraitUpsideDown UIInterfaceOrientationLandscapeLeft UIInterfaceOrientationLandscapeRight";
				INFOPLIST_KEY_UISupportedInterfaceOrientations_iPhone = "UIInterfaceOrientationPortrait UIInterfaceOrientationLandscapeLeft UIInterfaceOrientationLandscapeRight";
				LD_RUNPATH_SEARCH_PATHS = (
					"$(inherited)",
					"@executable_path/Frameworks",
				);
				MARKETING_VERSION = 1.0;
				PRODUCT_BUNDLE_IDENTIFIER = "com.example.apple-samplecode.RecognizingGestures";
				PRODUCT_NAME = "$(TARGET_NAME)";
				SWIFT_EMIT_LOC_STRINGS = YES;
				SWIFT_VERSION = 5.0;
				TARGETED_DEVICE_FAMILY = "1,2";
			};
			name = Debug;
		};
		EEA661232C04BA12006D6DB7 /* Release */ = {
			isa = XCBuildConfiguration;
			buildSettings = {
				ASSETCATALOG_COMPILER_APPICON_NAME = AppIcon;
				ASSETCATALOG_COMPILER_GLOBAL_ACCENT_COLOR_NAME = AccentColor;
				CODE_SIGN_STYLE = Automatic;
				CURRENT_PROJECT_VERSION = 1;
				DEVELOPMENT_ASSET_PATHS = "\"RecognizingGestures/Preview Content\"";
				ENABLE_PREVIEWS = YES;
				GENERATE_INFOPLIST_FILE = YES;
				INFOPLIST_KEY_UIApplicationSceneManifest_Generation = YES;
				INFOPLIST_KEY_UIApplicationSupportsIndirectInputEvents = YES;
				INFOPLIST_KEY_UILaunchScreen_Generation = YES;
				INFOPLIST_KEY_UISupportedInterfaceOrientations_iPad = "UIInterfaceOrientationPortrait UIInterfaceOrientationPortraitUpsideDown UIInterfaceOrientationLandscapeLeft UIInterfaceOrientationLandscapeRight";
				INFOPLIST_KEY_UISupportedInterfaceOrientations_iPhone = "UIInterfaceOrientationPortrait UIInterfaceOrientationLandscapeLeft UIInterfaceOrientationLandscapeRight";
				LD_RUNPATH_SEARCH_PATHS = (
					"$(inherited)",
					"@executable_path/Frameworks",
				);
				MARKETING_VERSION = 1.0;
				PRODUCT_BUNDLE_IDENTIFIER = "com.example.apple-samplecode.RecognizingGestures";
				PRODUCT_NAME = "$(TARGET_NAME)";
				SWIFT_EMIT_LOC_STRINGS = YES;
				SWIFT_VERSION = 5.0;
				TARGETED_DEVICE_FAMILY = "1,2";
			};
			name = Release;
		};
/* End XCBuildConfiguration section */

/* Begin XCConfigurationList section */
		EEA6610E2C04BA10006D6DB7 /* Build configuration list for PBXProject "RecognizingGestures" */ = {
			isa = XCConfigurationList;
			buildConfigurations = (
				EEA6611F2C04BA12006D6DB7 /* Debug */,
				EEA661202C04BA12006D6DB7 /* Release */,
			);
			defaultConfigurationIsVisible = 0;
			defaultConfigurationName = Release;
		};
		EEA661212C04BA12006D6DB7 /* Build configuration list for PBXNativeTarget "RecognizingGestures" */ = {
			isa = XCConfigurationList;
			buildConfigurations = (
				EEA661222C04BA12006D6DB7 /* Debug */,
				EEA661232C04BA12006D6DB7 /* Release */,
			);
			defaultConfigurationIsVisible = 0;
			defaultConfigurationName = Release;
		};
/* End XCConfigurationList section */
	};
	rootObject = EEA6610B2C04BA10006D6DB7 /* Project object */;
}
